
Microsoft Visual Studio Solution File, Format Version 12.00
# Visual Studio Version 16
VisualStudioVersion = 16.0.30104.148
MinimumVisualStudioVersion = 10.0.40219.1
Project("{FAE04EC0-301F-11D3-BF4B-00C04F79EFBC}") = "Bulls and Cows", "Bulls and Cows.csproj", "{1DB6E0F0-54F5-4FEF-BF45-06837DC20434}"
EndProject
Global
	GlobalSection(SolutionConfigurationPlatforms) = preSolution
		Debug|Any CPU = Debug|Any CPU
		Release|Any CPU = Release|Any CPU
	EndGlobalSection
	GlobalSection(ProjectConfigurationPlatforms) = postSolution
		{1DB6E0F0-54F5-4FEF-BF45-06837DC20434}.Debug|Any CPU.ActiveCfg = Debug|Any CPU
		{1DB6E0F0-54F5-4FEF-BF45-06837DC20434}.Debug|Any CPU.Build.0 = Debug|Any CPU
		{1DB6E0F0-54F5-4FEF-BF45-06837DC20434}.Release|Any CPU.ActiveCfg = Release|Any CPU
		{1DB6E0F0-54F5-4FEF-BF45-06837DC20434}.Release|Any CPU.Build.0 = Release|Any CPU
	EndGlobalSection
	GlobalSection(SolutionProperties) = preSolution
		HideSolutionNode = FALSE
	EndGlobalSection
	GlobalSection(ExtensibilityGlobals) = postSolution
		SolutionGuid = {E19F4154-B7DD-4B6D-90D1-4F3C132E288D}
	EndGlobalSection
EndGlobal
